
Microsoft Visual Studio Solution File, Format Version 12.00
# Visual Studio 15
VisualStudioVersion = 15.0.28010.2003
MinimumVisualStudioVersion = 10.0.40219.1
Project("{FAE04EC0-301F-11D3-BF4B-00C04F79EFBC}") = "RunForTheRoses", "RunForTheRoses.csproj", "{BAA2A50A-9F6F-45C5-A704-DFD5352836AB}"
EndProject
Global
	GlobalSection(SolutionConfigurationPlatforms) = preSolution
		Debug|Any CPU = Debug|Any CPU
		Release|Any CPU = Release|Any CPU
	EndGlobalSection
	GlobalSection(ProjectConfigurationPlatforms) = postSolution
		{BAA2A50A-9F6F-45C5-A704-DFD5352836AB}.Debug|Any CPU.ActiveCfg = Debug|Any CPU
		{BAA2A50A-9F6F-45C5-A704-DFD5352836AB}.Debug|Any CPU.Build.0 = Debug|Any CPU
		{BAA2A50A-9F6F-45C5-A704-DFD5352836AB}.Release|Any CPU.ActiveCfg = Release|Any CPU
		{BAA2A50A-9F6F-45C5-A704-DFD5352836AB}.Release|Any CPU.Build.0 = Release|Any CPU
	EndGlobalSection
	GlobalSection(SolutionProperties) = preSolution
		HideSolutionNode = FALSE
	EndGlobalSection
	GlobalSection(ExtensibilityGlobals) = postSolution
		SolutionGuid = {62D00F1D-3C6F-43C6-809D-9E944E144096}
	EndGlobalSection
EndGlobal
